
Microsoft Visual Studio Solution File, Format Version 12.00
# Visual Studio Version 17
VisualStudioVersion = 17.11.35327.3
MinimumVisualStudioVersion = 10.0.40219.1
Project("{FAE04EC0-301F-11D3-BF4B-00C04F79EFBC}") = "ClassLibrary", "ClassLibrary\ClassLibrary.csproj", "{DC1223B9-1499-4FE6-9498-B8C5B71D46E6}"
EndProject
Project("{FAE04EC0-301F-11D3-BF4B-00C04F79EFBC}") = "Application", "Application\Application.csproj", "{F396F760-8E6C-4C7E-B14B-5D4EC23705A2}"
EndProject
Global
	GlobalSection(SolutionConfigurationPlatforms) = preSolution
		Debug|Any CPU = Debug|Any CPU
		Release|Any CPU = Release|Any CPU
	EndGlobalSection
	GlobalSection(ProjectConfigurationPlatforms) = postSolution
		{DC1223B9-1499-4FE6-9498-B8C5B71D46E6}.Debug|Any CPU.ActiveCfg = Debug|Any CPU
		{DC1223B9-1499-4FE6-9498-B8C5B71D46E6}.Debug|Any CPU.Build.0 = Debug|Any CPU
		{DC1223B9-1499-4FE6-9498-B8C5B71D46E6}.Release|Any CPU.ActiveCfg = Release|Any CPU
		{DC1223B9-1499-4FE6-9498-B8C5B71D46E6}.Release|Any CPU.Build.0 = Release|Any CPU
		{F396F760-8E6C-4C7E-B14B-5D4EC23705A2}.Debug|Any CPU.ActiveCfg = Debug|Any CPU
		{F396F760-8E6C-4C7E-B14B-5D4EC23705A2}.Debug|Any CPU.Build.0 = Debug|Any CPU
		{F396F760-8E6C-4C7E-B14B-5D4EC23705A2}.Release|Any CPU.ActiveCfg = Release|Any CPU
		{F396F760-8E6C-4C7E-B14B-5D4EC23705A2}.Release|Any CPU.Build.0 = Release|Any CPU
	EndGlobalSection
	GlobalSection(SolutionProperties) = preSolution
		HideSolutionNode = FALSE
	EndGlobalSection
	GlobalSection(ExtensibilityGlobals) = postSolution
		SolutionGuid = {6A009AFA-CB88-4F2B-8668-18ECAF425AAF}
	EndGlobalSection
EndGlobal
